
Microsoft Visual Studio Solution File, Format Version 12.00
# Visual Studio Version 16
VisualStudioVersion = 16.0.30804.86
MinimumVisualStudioVersion = 10.0.40219.1
Project("{FAE04EC0-301F-11D3-BF4B-00C04F79EFBC}") = "StoreApp", "StoreApp\StoreApp.csproj", "{4F9DA34D-F4A4-4946-BFB9-73863A1641C9}"
EndProject
Global
	GlobalSection(SolutionConfigurationPlatforms) = preSolution
		Debug|Any CPU = Debug|Any CPU
		Release|Any CPU = Release|Any CPU
	EndGlobalSection
	GlobalSection(ProjectConfigurationPlatforms) = postSolution
		{4F9DA34D-F4A4-4946-BFB9-73863A1641C9}.Debug|Any CPU.ActiveCfg = Debug|Any CPU
		{4F9DA34D-F4A4-4946-BFB9-73863A1641C9}.Debug|Any CPU.Build.0 = Debug|Any CPU
		{4F9DA34D-F4A4-4946-BFB9-73863A1641C9}.Release|Any CPU.ActiveCfg = Release|Any CPU
		{4F9DA34D-F4A4-4946-BFB9-73863A1641C9}.Release|Any CPU.Build.0 = Release|Any CPU
	EndGlobalSection
	GlobalSection(SolutionProperties) = preSolution
		HideSolutionNode = FALSE
	EndGlobalSection
	GlobalSection(ExtensibilityGlobals) = postSolution
		SolutionGuid = {E6FA2B2C-FDCF-4341-A43E-B35AA522CB67}
	EndGlobalSection
EndGlobal
